// !$*UTF8*$!
{
	archiveVersion = 1;
	classes = {
	};
	objectVersion = 50;
	objects = {

/* Begin PBXBuildFile section */
		DAEF21BA25F1751500D2A6CC /* BuddyApp.swift in Sources */ = {isa = PBXBuildFile; fileRef = DAEF21B925F1751500D2A6CC /* BuddyApp.swift */; };
		DAEF21BC25F1751500D2A6CC /* ContentView.swift in Sources */ = {isa = PBXBuildFile; fileRef = DAEF21BB25F1751500D2A6CC /* ContentView.swift */; };
		DAEF21BE25F1751900D2A6CC /* Assets.xcassets in Resources */ = {isa = PBXBuildFile; fileRef = DAEF21BD25F1751900D2A6CC /* Assets.xcassets */; };
		DAEF21C125F1751900D2A6CC /* Preview Assets.xcassets in Resources */ = {isa = PBXBuildFile; fileRef = DAEF21C025F1751900D2A6CC /* Preview Assets.xcassets */; };
		DAEF21C325F1751900D2A6CC /* Persistence.swift in Sources */ = {isa = PBXBuildFile; fileRef = DAEF21C225F1751900D2A6CC /* Persistence.swift */; };
		DAEF21C625F1751900D2A6CC /* Buddy.xcdatamodeld in Sources */ = {isa = PBXBuildFile; fileRef = DAEF21C425F1751900D2A6CC /* Buddy.xcdatamodeld */; };
/* End PBXBuildFile section */

/* Begin PBXFileReference section */
		DAEF21B625F1751500D2A6CC /* Buddy.app */ = {isa = PBXFileReference; explicitFileType = wrapper.application; includeInIndex = 0; path = Buddy.app; sourceTree = BUILT_PRODUCTS_DIR; };
		DAEF21B925F1751500D2A6CC /* BuddyApp.swift */ = {isa = PBXFileReference; lastKnownFileType = sourcecode.swift; path = BuddyApp.swift; sourceTree = "<group>"; };
		DAEF21BB25F1751500D2A6CC /* ContentView.swift */ = {isa = PBXFileReference; lastKnownFileType = sourcecode.swift; path = ContentView.swift; sourceTree = "<group>"; };
		DAEF21BD25F1751900D2A6CC /* Assets.xcassets */ = {isa = PBXFileReference; lastKnownFileType = folder.assetcatalog; path = Assets.xcassets; sourceTree = "<group>"; };
		DAEF21C025F1751900D2A6CC /* Preview Assets.xcassets */ = {isa = PBXFileReference; lastKnownFileType = folder.assetcatalog; path = "Preview Assets.xcassets"; sourceTree = "<group>"; };
		DAEF21C225F1751900D2A6CC /* Persistence.swift */ = {isa = PBXFileReference; lastKnownFileType = sourcecode.swift; path = Persistence.swift; sourceTree = "<group>"; };
		DAEF21C525F1751900D2A6CC /* Buddy.xcdatamodel */ = {isa = PBXFileReference; lastKnownFileType = wrapper.xcdatamodel; path = Buddy.xcdatamodel; sourceTree = "<group>"; };
		DAEF21C725F1751900D2A6CC /* Info.plist */ = {isa = PBXFileReference; lastKnownFileType = text.plist.xml; path = Info.plist; sourceTree = "<group>"; };
/* End PBXFileReference section */

/* Begin PBXFrameworksBuildPhase section */
		DAEF21B325F1751500D2A6CC /* Frameworks */ = {
			isa = PBXFrameworksBuildPhase;
			buildActionMask = 2147483647;
			files = (
			);
			runOnlyForDeploymentPostprocessing = 0;
		};
/* End PBXFrameworksBuildPhase section */

/* Begin PBXGroup section */
		DAEF21AD25F1751500D2A6CC = {
			isa = PBXGroup;
			children = (
				DAEF21B825F1751500D2A6CC /* Buddy */,
				DAEF21B725F1751500D2A6CC /* Products */,
			);
			sourceTree = "<group>";
		};
		DAEF21B725F1751500D2A6CC /* Products */ = {
			isa = PBXGroup;
			children = (
				DAEF21B625F1751500D2A6CC /* Buddy.app */,
			);
			name = Products;
			sourceTree = "<group>";
		};
		DAEF21B825F1751500D2A6CC /* Buddy */ = {
			isa = PBXGroup;
			children = (
				DAEF21B925F1751500D2A6CC /* BuddyApp.swift */,
				DAEF21BB25F1751500D2A6CC /* ContentView.swift */,
				DAEF21BD25F1751900D2A6CC /* Assets.xcassets */,
				DAEF21C225F1751900D2A6CC /* Persistence.swift */,
				DAEF21C725F1751900D2A6CC /* Info.plist */,
				DAEF21C425F1751900D2A6CC /* Buddy.xcdatamodeld */,
				DAEF21BF25F1751900D2A6CC /* Preview Content */,
			);
			path = Buddy;
			sourceTree = "<group>";
		};
		DAEF21BF25F1751900D2A6CC /* Preview Content */ = {
			isa = PBXGroup;
			children = (
				DAEF21C025F1751900D2A6CC /* Preview Assets.xcassets */,
			);
			path = "Preview Content";
			sourceTree = "<group>";
		};
/* End PBXGroup section */

/* Begin PBXNativeTarget section */
		DAEF21B525F1751500D2A6CC /* Buddy */ = {
			isa = PBXNativeTarget;
			buildConfigurationList = DAEF21CA25F1751900D2A6CC /* Build configuration list for PBXNativeTarget "Buddy" */;
			buildPhases = (
				DAEF21B225F1751500D2A6CC /* Sources */,
				DAEF21B325F1751500D2A6CC /* Frameworks */,
				DAEF21B425F1751500D2A6CC /* Resources */,
			);
			buildRules = (
			);
			dependencies = (
			);
			name = Buddy;
			productName = Buddy;
			productReference = DAEF21B625F1751500D2A6CC /* Buddy.app */;
			productType = "com.apple.product-type.application";
		};
/* End PBXNativeTarget section */

/* Begin PBXProject section */
		DAEF21AE25F1751500D2A6CC /* Project object */ = {
			isa = PBXProject;
			attributes = {
				LastSwiftUpdateCheck = 1250;
				LastUpgradeCheck = 1250;
				TargetAttributes = {
					DAEF21B525F1751500D2A6CC = {
						CreatedOnToolsVersion = 12.5;
					};
				};
			};
			buildConfigurationList = DAEF21B125F1751500D2A6CC /* Build configuration list for PBXProject "Buddy" */;
			compatibilityVersion = "Xcode 9.3";
			developmentRegion = en;
			hasScannedForEncodings = 0;
			knownRegions = (
				en,
				Base,
			);
			mainGroup = DAEF21AD25F1751500D2A6CC;
			productRefGroup = DAEF21B725F1751500D2A6CC /* Products */;
			projectDirPath = "";
			projectRoot = "";
			targets = (
				DAEF21B525F1751500D2A6CC /* Buddy */,
			);
		};
/* End PBXProject section */

/* Begin PBXResourcesBuildPhase section */
		DAEF21B425F1751500D2A6CC /* Resources */ = {
			isa = PBXResourcesBuildPhase;
			buildActionMask = 2147483647;
			files = (
				DAEF21C125F1751900D2A6CC /* Preview Assets.xcassets in Resources */,
				DAEF21BE25F1751900D2A6CC /* Assets.xcassets in Resources */,
			);
			runOnlyForDeploymentPostprocessing = 0;
		};
/* End PBXResourcesBuildPhase section */

/* Begin PBXSourcesBuildPhase section */
		DAEF21B225F1751500D2A6CC /* Sources */ = {
			isa = PBXSourcesBuildPhase;
			buildActionMask = 2147483647;
			files = (
				DAEF21C325F1751900D2A6CC /* Persistence.swift in Sources */,
				DAEF21BC25F1751500D2A6CC /* ContentView.swift in Sources */,
				DAEF21C625F1751900D2A6CC /* Buddy.xcdatamodeld in Sources */,
				DAEF21BA25F1751500D2A6CC /* BuddyApp.swift in Sources */,
			);
			runOnlyForDeploymentPostprocessing = 0;
		};
/* End PBXSourcesBuildPhase section */

/* Begin XCBuildConfiguration section */
		DAEF21C825F1751900D2A6CC /* Debug */ = {
			isa = XCBuildConfiguration;
			buildSettings = {
				ALWAYS_SEARCH_USER_PATHS = NO;
				CLANG_ANALYZER_NONNULL = YES;
				CLANG_ANALYZER_NUMBER_OBJECT_CONVERSION = YES_AGGRESSIVE;
				CLANG_CXX_LANGUAGE_STANDARD = "gnu++14";
				CLANG_CXX_LIBRARY = "libc++";
				CLANG_ENABLE_MODULES = YES;
				CLANG_ENABLE_OBJC_ARC = YES;
				CLANG_ENABLE_OBJC_WEAK = YES;
				CLANG_WARN_BLOCK_CAPTURE_AUTORELEASING = YES;
				CLANG_WARN_BOOL_CONVERSION = YES;
				CLANG_WARN_COMMA = YES;
				CLANG_WARN_CONSTANT_CONVERSION = YES;
				CLANG_WARN_DEPRECATED_OBJC_IMPLEMENTATIONS = YES;
				CLANG_WARN_DIRECT_OBJC_ISA_USAGE = YES_ERROR;
				CLANG_WARN_DOCUMENTATION_COMMENTS = YES;
				CLANG_WARN_EMPTY_BODY = YES;
				CLANG_WARN_ENUM_CONVERSION = YES;
				CLANG_WARN_INFINITE_RECURSION = YES;
				CLANG_WARN_INT_CONVERSION = YES;
				CLANG_WARN_NON_LITERAL_NULL_CONVERSION = YES;
				CLANG_WARN_OBJC_IMPLICIT_RETAIN_SELF = YES;
				CLANG_WARN_OBJC_LITERAL_CONVERSION = YES;
				CLANG_WARN_OBJC_ROOT_CLASS = YES_ERROR;
				CLANG_WARN_QUOTED_INCLUDE_IN_FRAMEWORK_HEADER = YES;
				CLANG_WARN_RANGE_LOOP_ANALYSIS = YES;
				CLANG_WARN_STRICT_PROTOTYPES = YES;
				CLANG_WARN_SUSPICIOUS_MOVE = YES;
				CLANG_WARN_UNGUARDED_AVAILABILITY = YES_AGGRESSIVE;
				CLANG_WARN_UNREACHABLE_CODE = YES;
				CLANG_WARN__DUPLICATE_METHOD_MATCH = YES;
				COPY_PHASE_STRIP = NO;
				DEBUG_INFORMATION_FORMAT = dwarf;
				ENABLE_STRICT_OBJC_MSGSEND = YES;
				ENABLE_TESTABILITY = YES;
				GCC_C_LANGUAGE_STANDARD = gnu11;
				GCC_DYNAMIC_NO_PIC = NO;
				GCC_NO_COMMON_BLOCKS = YES;
				GCC_OPTIMIZATION_LEVEL = 0;
				GCC_PREPROCESSOR_DEFINITIONS = (
					"DEBUG=1",
					"$(inherited)",
				);
				GCC_WARN_64_TO_32_BIT_CONVERSION = YES;
				GCC_WARN_ABOUT_RETURN_TYPE = YES_ERROR;
				GCC_WARN_UNDECLARED_SELECTOR = YES;
				GCC_WARN_UNINITIALIZED_AUTOS = YES_AGGRESSIVE;
				GCC_WARN_UNUSED_FUNCTION = YES;
				GCC_WARN_UNUSED_VARIABLE = YES;
				IPHONEOS_DEPLOYMENT_TARGET = 14.5;
				MTL_ENABLE_DEBUG_INFO = INCLUDE_SOURCE;
				MTL_FAST_MATH = YES;
				ONLY_ACTIVE_ARCH = YES;
				SDKROOT = iphoneos;
				SWIFT_ACTIVE_COMPILATION_CONDITIONS = DEBUG;
				SWIFT_OPTIMIZATION_LEVEL = "-Onone";
			};
			name = Debug;
		};
		DAEF21C925F1751900D2A6CC /* Release */ = {
			isa = XCBuildConfiguration;
			buildSettings = {
				ALWAYS_SEARCH_USER_PATHS = NO;
				CLANG_ANALYZER_NONNULL = YES;
				CLANG_ANALYZER_NUMBER_OBJECT_CONVERSION = YES_AGGRESSIVE;
				CLANG_CXX_LANGUAGE_STANDARD = "gnu++14";
				CLANG_CXX_LIBRARY = "libc++";
				CLANG_ENABLE_MODULES = YES;
				CLANG_ENABLE_OBJC_ARC = YES;
				CLANG_ENABLE_OBJC_WEAK = YES;
				CLANG_WARN_BLOCK_CAPTURE_AUTORELEASING = YES;
				CLANG_WARN_BOOL_CONVERSION = YES;
				CLANG_WARN_COMMA = YES;
				CLANG_WARN_CONSTANT_CONVERSION = YES;
				CLANG_WARN_DEPRECATED_OBJC_IMPLEMENTATIONS = YES;
				CLANG_WARN_DIRECT_OBJC_ISA_USAGE = YES_ERROR;
				CLANG_WARN_DOCUMENTATION_COMMENTS = YES;
				CLANG_WARN_EMPTY_BODY = YES;
				CLANG_WARN_ENUM_CONVERSION = YES;
				CLANG_WARN_INFINITE_RECURSION = YES;
				CLANG_WARN_INT_CONVERSION = YES;
				CLANG_WARN_NON_LITERAL_NULL_CONVERSION = YES;
				CLANG_WARN_OBJC_IMPLICIT_RETAIN_SELF = YES;
				CLANG_WARN_OBJC_LITERAL_CONVERSION = YES;
				CLANG_WARN_OBJC_ROOT_CLASS = YES_ERROR;
				CLANG_WARN_QUOTED_INCLUDE_IN_FRAMEWORK_HEADER = YES;
				CLANG_WARN_RANGE_LOOP_ANALYSIS = YES;
				CLANG_WARN_STRICT_PROTOTYPES = YES;
				CLANG_WARN_SUSPICIOUS_MOVE = YES;
				CLANG_WARN_UNGUARDED_AVAILABILITY = YES_AGGRESSIVE;
				CLANG_WARN_UNREACHABLE_CODE = YES;
				CLANG_WARN__DUPLICATE_METHOD_MATCH = YES;
				COPY_PHASE_STRIP = NO;
				DEBUG_INFORMATION_FORMAT = "dwarf-with-dsym";
				ENABLE_NS_ASSERTIONS = NO;
				ENABLE_STRICT_OBJC_MSGSEND = YES;
				GCC_C_LANGUAGE_STANDARD = gnu11;
				GCC_NO_COMMON_BLOCKS = YES;
				GCC_WARN_64_TO_32_BIT_CONVERSION = YES;
				GCC_WARN_ABOUT_RETURN_TYPE = YES_ERROR;
				GCC_WARN_UNDECLARED_SELECTOR = YES;
				GCC_WARN_UNINITIALIZED_AUTOS = YES_AGGRESSIVE;
				GCC_WARN_UNUSED_FUNCTION = YES;
				GCC_WARN_UNUSED_VARIABLE = YES;
				IPHONEOS_DEPLOYMENT_TARGET = 14.5;
				MTL_ENABLE_DEBUG_INFO = NO;
				MTL_FAST_MATH = YES;
				SDKROOT = iphoneos;
				SWIFT_COMPILATION_MODE = wholemodule;
				SWIFT_OPTIMIZATION_LEVEL = "-O";
				VALIDATE_PRODUCT = YES;
			};
			name = Release;
		};
		DAEF21CB25F1751900D2A6CC /* Debug */ = {
			isa = XCBuildConfiguration;
			buildSettings = {
				ASSETCATALOG_COMPILER_APPICON_NAME = AppIcon;
				ASSETCATALOG_COMPILER_GLOBAL_ACCENT_COLOR_NAME = AccentColor;
				CODE_SIGN_STYLE = Automatic;
				DEVELOPMENT_ASSET_PATHS = "\"Buddy/Preview Content\"";
				DEVELOPMENT_TEAM = 8APFUFV53Q;
				ENABLE_PREVIEWS = YES;
				INFOPLIST_FILE = Buddy/Info.plist;
				IPHONEOS_DEPLOYMENT_TARGET = 14.0;
				LD_RUNPATH_SEARCH_PATHS = (
					"$(inherited)",
					"@executable_path/Frameworks",
				);
				PRODUCT_BUNDLE_IDENTIFIER = com.magnusburton.Buddy;
				PRODUCT_NAME = "$(TARGET_NAME)";
				SWIFT_VERSION = 5.0;
				TARGETED_DEVICE_FAMILY = "1,2";
			};
			name = Debug;
		};
		DAEF21CC25F1751900D2A6CC /* Release */ = {
			isa = XCBuildConfiguration;
			buildSettings = {
				ASSETCATALOG_COMPILER_APPICON_NAME = AppIcon;
				ASSETCATALOG_COMPILER_GLOBAL_ACCENT_COLOR_NAME = AccentColor;
				CODE_SIGN_STYLE = Automatic;
				DEVELOPMENT_ASSET_PATHS = "\"Buddy/Preview Content\"";
				DEVELOPMENT_TEAM = 8APFUFV53Q;
				ENABLE_PREVIEWS = YES;
				INFOPLIST_FILE = Buddy/Info.plist;
				IPHONEOS_DEPLOYMENT_TARGET = 14.0;
				LD_RUNPATH_SEARCH_PATHS = (
					"$(inherited)",
					"@executable_path/Frameworks",
				);
				PRODUCT_BUNDLE_IDENTIFIER = com.magnusburton.Buddy;
				PRODUCT_NAME = "$(TARGET_NAME)";
				SWIFT_VERSION = 5.0;
				TARGETED_DEVICE_FAMILY = "1,2";
			};
			name = Release;
		};
/* End XCBuildConfiguration section */

/* Begin XCConfigurationList section */
		DAEF21B125F1751500D2A6CC /* Build configuration list for PBXProject "Buddy" */ = {
			isa = XCConfigurationList;
			buildConfigurations = (
				DAEF21C825F1751900D2A6CC /* Debug */,
				DAEF21C925F1751900D2A6CC /* Release */,
			);
			defaultConfigurationIsVisible = 0;
			defaultConfigurationName = Release;
		};
		DAEF21CA25F1751900D2A6CC /* Build configuration list for PBXNativeTarget "Buddy" */ = {
			isa = XCConfigurationList;
			buildConfigurations = (
				DAEF21CB25F1751900D2A6CC /* Debug */,
				DAEF21CC25F1751900D2A6CC /* Release */,
			);
			defaultConfigurationIsVisible = 0;
			defaultConfigurationName = Release;
		};
/* End XCConfigurationList section */

/* Begin XCVersionGroup section */
		DAEF21C425F1751900D2A6CC /* Buddy.xcdatamodeld */ = {
			isa = XCVersionGroup;
			children = (
				DAEF21C525F1751900D2A6CC /* Buddy.xcdatamodel */,
			);
			currentVersion = DAEF21C525F1751900D2A6CC /* Buddy.xcdatamodel */;
			path = Buddy.xcdatamodeld;
			sourceTree = "<group>";
			versionGroupType = wrapper.xcdatamodel;
		};
/* End XCVersionGroup section */
	};
	rootObject = DAEF21AE25F1751500D2A6CC /* Project object */;
}
